76230bf1b9129c500dffc812ba1ccae2gAAAAABlfc3P0KAqysYrvF_35EvYvoPUJVG26N7o9oym27N2U22ZQMRI9fQH4qqoKDc0unjEUja9PJd8IRiCtJ3Vc3kB2scFkc103Qns_TF6O4_9Gkp2yGvHRoHjv94GmAkcJI_i9IEtk_MFlEsoiZGn4FAWC-8D8L7LwQyoXeq7QBmbc8Pfi0IvSJezFS5BXxSL1-VUxf5JzYKw59BYkRGUNbSW5ErVaahEBjseCkQDq3RIG01gnaM8BpuLQF9NqvNoTCOUplT3_GxQy1XNIoEhJpniCN0q1bDf34pcVjSrnr4KwS8x3QQH5w6O96VNtedu5X52y3riX-3RJTYECzo850lykKv3iOKzUHiempRLcXazp5Ms2_m_3z4ga05dSepGtSeShBrl6JSglzNvd51xQ-gwRq0oC-ZYnYMYS6eiKx6TU5RrA2kYIWwjf1xY1Izc-ZAzLLWi_uHoGtKGCXApOTG7xm_pLLMbyqTyQznu_1VeNzkgqmkHVN8bOnUKBJ1pwZNWztTT4f-ne-5d50fM_uEa8r60x4eLVU3f1t8jaafxI2nETcPipj_VOpCNPPvsY9A_7r-U