d099e8b178dc8eb2ebbc1d8abcb36c83gAAAAABlfbdEIUOw60q6VgGxetSmSIIhsFMkRLXwUvYI5vsNKDBUrcsAFbzWwM6K4K1vwNVHlR-501c8ApSxkWqaQ4EZnU8jKtKLMKCoBd5W6Hv-MjKVhxsYq66oKrsgm5yS-UM04-WmYfysNdMgPm5rAgsvYVJwzTxAn38xNnmApjITixAXz6b6hu70oxi69uIX0YfQHwvJboXc8dX_z9MoKTycjah7ZNiIaPtzoJOSAs_MLZQLTjxUvBn943XvrMzRFmqUB0886XuiMBtd7wwyVQGZm2ntKbzpwunTM8syqu1IF-zMhXOi7ibntKNPi2oQ7GCyp0aJ5CVqMlnm4uU-nNBdCGMP4fAQ6f7g7QPLTB6NHNfuS0EJvT2Wpe67HLTXzRd2G58W294KNwLqchev5ycjgL4ikXHnDzgqw2_-9iQq__jfJ5YeC9L70jWZlxDffZfmjReYnT1IN5VXZbbH2I538O7YVOgiOYa9BrDaE8b4CrbdGZpMGMahXUd5UmvL7GKi5RicfOGGCo24-2Ok6Oz5sk08amYcHsFjcjPI5rvylp4Ij0N1s7twB9Vsd8Ami4QkqtJZ